
Microsoft Visual Studio Solution File, Format Version 12.00
# Visual Studio Version 17
VisualStudioVersion = 17.11.35327.3
MinimumVisualStudioVersion = 10.0.40219.1
Project("{FAE04EC0-301F-11D3-BF4B-00C04F79EFBC}") = "EtteremApi", "EtteremApi.csproj", "{8A8AD3E4-97FA-4191-85D2-ECA04B780054}"
EndProject
Global
	GlobalSection(SolutionConfigurationPlatforms) = preSolution
		Debug|Any CPU = Debug|Any CPU
		Release|Any CPU = Release|Any CPU
	EndGlobalSection
	GlobalSection(ProjectConfigurationPlatforms) = postSolution
		{8A8AD3E4-97FA-4191-85D2-ECA04B780054}.Debug|Any CPU.ActiveCfg = Debug|Any CPU
		{8A8AD3E4-97FA-4191-85D2-ECA04B780054}.Debug|Any CPU.Build.0 = Debug|Any CPU
		{8A8AD3E4-97FA-4191-85D2-ECA04B780054}.Release|Any CPU.ActiveCfg = Release|Any CPU
		{8A8AD3E4-97FA-4191-85D2-ECA04B780054}.Release|Any CPU.Build.0 = Release|Any CPU
	EndGlobalSection
	GlobalSection(SolutionProperties) = preSolution
		HideSolutionNode = FALSE
	EndGlobalSection
	GlobalSection(ExtensibilityGlobals) = postSolution
		SolutionGuid = {6B9449D0-A901-4254-B49B-9A1A07A4A338}
	EndGlobalSection
EndGlobal
